{
  "name": "wordsfrequency",
  "version": "1.0.0",
  "lockfileVersion": 1,
  "requires": true,
  "dependencies": {
    "words-frequency": {
      "version": "1.0.0",
      "resolved": "https://registry.npmjs.org/words-frequency/-/words-frequency-1.0.0.tgz",
      "integrity": "sha512-/iq+POx01JA0lvjQtW0ZgXwalBKsh4a/e2xJeGm7L/q3+sJWTPkykK0psfhIMqpmKYT+Ds+huhictNEQX7olxQ=="
    }
  }
}
